<?xml version="1.0" encoding="utf-8"?>
<Project ToolsVersion="4.0" xmlns="http://schemas.microsoft.com/developer/msbuild/2003">
  <ItemGroup>
    <Filter Include="Source Files">
      <UniqueIdentifier>{4FC737F1-C7A5-4376-A066-2A32D752A2FF}</UniqueIdentifier>
      <Extensions>cpp;c;cc;cxx;def;odl;idl;hpj;bat;asm;asmx</Extensions>
    </Filter>
    <Filter Include="Header Files">
      <UniqueIdentifier>{93995380-89BD-4b04-88EB-625FBE52EBFB}</UniqueIdentifier>
      <Extensions>h;hh;hpp;hxx;hm;inl;inc;ipp;xsd</Extensions>
    </Filter>
    <Filter Include="Resource Files">
      <UniqueIdentifier>{67DA6AB6-F800-4c08-8B7A-83BB121AAD01}</UniqueIdentifier>
      <Extensions>rc;ico;cur;bmp;dlg;rc2;rct;bin;rgs;gif;jpg;jpeg;jpe;resx;tiff;tif;png;wav;mfcribbon-ms</Extensions>
    </Filter>
  </ItemGroup>
  <ItemGroup>
    <ClInclude Include="targetver.h">
      <Filter>Header Files</Filter>
    </ClInclude>
    <ClInclude Include="Resource.h">
      <Filter>Header Files</Filter>
    </ClInclude>
    <ClInclude Include="SurfaceReader.h">
      <Filter>Header Files</Filter>
    </ClInclude>
    <ClInclude Include="Encryption.h">
      <Filter>Header Files</Filter>
    </ClInclude>
    <ClInclude Include="AppConfig.h">
      <Filter>Header Files</Filter>
    </ClInclude>
    <ClInclude Include="ActionPickerModels.h">
      <Filter>Header Files</Filter>
    </ClInclude>
    <ClInclude Include="ActionPickerWin.h">
      <Filter>Header Files</Filter>
    </ClInclude>
    <ClInclude Include="ActionsPageModels.h">
      <Filter>Header Files</Filter>
    </ClInclude>
    <ClInclude Include="ActionsPageWin.h">
      <Filter>Header Files</Filter>
    </ClInclude>
    <ClInclude Include="apiproto.h">
      <Filter>Header Files</Filter>
    </ClInclude>
    <ClInclude Include="AppCollection.h">
      <Filter>Header Files</Filter>
    </ClInclude>
    <ClInclude Include="AppConfigChooserDialog.h">
      <Filter>Header Files</Filter>
    </ClInclude>
    <ClInclude Include="AppConfigWizard.h">
      <Filter>Header Files</Filter>
    </ClInclude>
    <ClInclude Include="ControlStatesDialog.h">
      <Filter>Header Files</Filter>
    </ClInclude>
    <ClInclude Include="DefineCharDialog.h">
      <Filter>Header Files</Filter>
    </ClInclude>
    <ClInclude Include="DefineDisplayDlg.h">
      <Filter>Header Files</Filter>
    </ClInclude>
    <ClInclude Include="DefineLEDLampDlg.h">
      <Filter>Header Files</Filter>
    </ClInclude>
    <ClInclude Include="DefineMessageDialog.h">
      <Filter>Header Files</Filter>
    </ClInclude>
    <ClInclude Include="DefineStateDialog.h">
      <Filter>Header Files</Filter>
    </ClInclude>
    <ClInclude Include="DefineTranslationTable.h">
      <Filter>Header Files</Filter>
    </ClInclude>
    <ClInclude Include="DisplayDefinition.h">
      <Filter>Header Files</Filter>
    </ClInclude>
    <ClInclude Include="DisplayParamsDlg.h">
      <Filter>Header Files</Filter>
    </ClInclude>
    <ClInclude Include="DisplayReportDlg.h">
      <Filter>Header Files</Filter>
    </ClInclude>
    <ClInclude Include="DisplaysPage.h">
      <Filter>Header Files</Filter>
    </ClInclude>
    <ClInclude Include="DisplayStatesDialog.h">
      <Filter>Header Files</Filter>
    </ClInclude>
    <ClInclude Include="EditProtocol.h">
      <Filter>Header Files</Filter>
    </ClInclude>
    <ClInclude Include="gwspeak.h">
      <Filter>Header Files</Filter>
    </ClInclude>
    <ClInclude Include="HardwarePage.h">
      <Filter>Header Files</Filter>
    </ClInclude>
    <ClInclude Include="LEDLampsPage.h">
      <Filter>Header Files</Filter>
    </ClInclude>
    <ClInclude Include="MessageDefinition.h">
      <Filter>Header Files</Filter>
    </ClInclude>
    <ClInclude Include="MIDI.h">
      <Filter>Header Files</Filter>
    </ClInclude>
    <ClInclude Include="MIDIDialog.h">
      <Filter>Header Files</Filter>
    </ClInclude>
    <ClInclude Include="MIDISurface.h">
      <Filter>Header Files</Filter>
    </ClInclude>
    <ClInclude Include="MIDIWidget.h">
      <Filter>Header Files</Filter>
    </ClInclude>
    <ClInclude Include="NewSurfaceDialog.h">
      <Filter>Header Files</Filter>
    </ClInclude>
    <ClInclude Include="ParseIniFile.h">
      <Filter>Header Files</Filter>
    </ClInclude>
    <ClInclude Include="ParseJsdFile.h">
      <Filter>Header Files</Filter>
    </ClInclude>
    <ClInclude Include="Protocol.h">
      <Filter>Header Files</Filter>
    </ClInclude>
    <ClInclude Include="ProtocolChooserDialog.h">
      <Filter>Header Files</Filter>
    </ClInclude>
    <ClInclude Include="ProtocolCollection.h">
      <Filter>Header Files</Filter>
    </ClInclude>
    <ClInclude Include="ProtocolWizard.h">
      <Filter>Header Files</Filter>
    </ClInclude>
    <ClInclude Include="RBEnums.h">
      <Filter>Header Files</Filter>
    </ClInclude>
    <ClInclude Include="RBException.h">
      <Filter>Header Files</Filter>
    </ClInclude>
    <ClInclude Include="RBInputBox.h">
      <Filter>Header Files</Filter>
    </ClInclude>
    <ClInclude Include="RBSpeech.h">
      <Filter>Header Files</Filter>
    </ClInclude>
    <ClInclude Include="RBSpeechWin.h">
      <Filter>Header Files</Filter>
    </ClInclude>
    <ClInclude Include="RBStringFuncs.h">
      <Filter>Header Files</Filter>
    </ClInclude>
    <ClInclude Include="RBTextCtrl.h">
      <Filter>Header Files</Filter>
    </ClInclude>
    <ClInclude Include="RBWizardPage.h">
      <Filter>Header Files</Filter>
    </ClInclude>
    <ClInclude Include="ScreenReaderFunctionsDlg.h">
      <Filter>Header Files</Filter>
    </ClInclude>
    <ClInclude Include="ScreenReaderParametersDlg.h">
      <Filter>Header Files</Filter>
    </ClInclude>
    <ClInclude Include="Serializer.h">
      <Filter>Header Files</Filter>
    </ClInclude>
    <ClInclude Include="SpeechDialog.h">
      <Filter>Header Files</Filter>
    </ClInclude>
    <ClInclude Include="SpeechParameters.h">
      <Filter>Header Files</Filter>
    </ClInclude>
    <ClInclude Include="SRConstants.h">
      <Filter>Header Files</Filter>
    </ClInclude>
    <ClInclude Include="SROptions.h">
      <Filter>Header Files</Filter>
    </ClInclude>
    <ClInclude Include="SRTaskBar.h">
      <Filter>Header Files</Filter>
    </ClInclude>
    <ClInclude Include="SurfaceAction.h">
      <Filter>Header Files</Filter>
    </ClInclude>
    <ClInclude Include="SurfaceActions.h">
      <Filter>Header Files</Filter>
    </ClInclude>
    <ClInclude Include="SurfaceFrame.h">
      <Filter>Header Files</Filter>
    </ClInclude>
    <ClInclude Include="SurfaceList.h">
      <Filter>Header Files</Filter>
    </ClInclude>
    <ClInclude Include="SurfacePage.h">
      <Filter>Header Files</Filter>
    </ClInclude>
    <ClInclude Include="SurfaceParameters.h">
      <Filter>Header Files</Filter>
    </ClInclude>
    <ClInclude Include="SurfaceReaderHelp.h">
      <Filter>Header Files</Filter>
    </ClInclude>
    <ClInclude Include="SurfaceWizard.h">
      <Filter>Header Files</Filter>
    </ClInclude>
    <ClInclude Include="SysExPage.h">
      <Filter>Header Files</Filter>
    </ClInclude>
    <ClInclude Include="TextDisplaysPage.h">
      <Filter>Header Files</Filter>
    </ClInclude>
    <ClInclude Include="TranslationTablesDialog.h">
      <Filter>Header Files</Filter>
    </ClInclude>
    <ClInclude Include="UpdateChecker.h">
      <Filter>Header Files</Filter>
    </ClInclude>
    <ClInclude Include="wineyes.h">
      <Filter>Header Files</Filter>
    </ClInclude>
    <ClInclude Include="WIX Include.h">
      <Filter>Header Files</Filter>
    </ClInclude>
    <ClInclude Include="RBPathFuncs.h">
      <Filter>Header Files</Filter>
    </ClInclude>
    <ClInclude Include="RBPathErrorException.h">
      <Filter>Header Files</Filter>
    </ClInclude>
  </ItemGroup>
  <ItemGroup>
    <ClCompile Include="SurfaceReader.cpp">
      <Filter>Source Files</Filter>
    </ClCompile>
    <ClCompile Include="Encryption.cpp">
      <Filter>Source Files</Filter>
    </ClCompile>
    <ClCompile Include="AppConfig.cpp">
      <Filter>Source Files</Filter>
    </ClCompile>
    <ClCompile Include="DisplayDefinition.cpp">
      <Filter>Source Files</Filter>
    </ClCompile>
    <ClCompile Include="Protocol.cpp">
      <Filter>Source Files</Filter>
    </ClCompile>
    <ClCompile Include="ActionPickerModels.cpp">
      <Filter>Source Files</Filter>
    </ClCompile>
    <ClCompile Include="ActionPickerWin.cpp">
      <Filter>Source Files</Filter>
    </ClCompile>
    <ClCompile Include="ActionsPageModels.cpp">
      <Filter>Source Files</Filter>
    </ClCompile>
    <ClCompile Include="ActionsPageWin.cpp">
      <Filter>Source Files</Filter>
    </ClCompile>
    <ClCompile Include="AppCollection.cpp">
      <Filter>Source Files</Filter>
    </ClCompile>
    <ClCompile Include="AppConfigChooserDialog.cpp">
      <Filter>Source Files</Filter>
    </ClCompile>
    <ClCompile Include="AppConfigWizard.cpp">
      <Filter>Source Files</Filter>
    </ClCompile>
    <ClCompile Include="ControlStatesDialog.cpp">
      <Filter>Source Files</Filter>
    </ClCompile>
    <ClCompile Include="DefineCharDialog.cpp">
      <Filter>Source Files</Filter>
    </ClCompile>
    <ClCompile Include="DefineDisplayDlg.cpp">
      <Filter>Source Files</Filter>
    </ClCompile>
    <ClCompile Include="DefineLEDLampDlg.cpp">
      <Filter>Source Files</Filter>
    </ClCompile>
    <ClCompile Include="DefineMessageDialog.cpp">
      <Filter>Source Files</Filter>
    </ClCompile>
    <ClCompile Include="DefineStateDialog.cpp">
      <Filter>Source Files</Filter>
    </ClCompile>
    <ClCompile Include="DefineTranslationTable.cpp">
      <Filter>Source Files</Filter>
    </ClCompile>
    <ClCompile Include="DisplayParamsDlg.cpp">
      <Filter>Source Files</Filter>
    </ClCompile>
    <ClCompile Include="DisplayReportDlg.cpp">
      <Filter>Source Files</Filter>
    </ClCompile>
    <ClCompile Include="DisplaysPage.cpp">
      <Filter>Source Files</Filter>
    </ClCompile>
    <ClCompile Include="DisplayStatesDialog.cpp">
      <Filter>Source Files</Filter>
    </ClCompile>
    <ClCompile Include="EditProtocol.cpp">
      <Filter>Source Files</Filter>
    </ClCompile>
    <ClCompile Include="HardwarePage.cpp">
      <Filter>Source Files</Filter>
    </ClCompile>
    <ClCompile Include="LEDLampsPage.cpp">
      <Filter>Source Files</Filter>
    </ClCompile>
    <ClCompile Include="MessageDefinition.cpp">
      <Filter>Source Files</Filter>
    </ClCompile>
    <ClCompile Include="MIDI.cpp">
      <Filter>Source Files</Filter>
    </ClCompile>
    <ClCompile Include="MIDIDialog.cpp">
      <Filter>Source Files</Filter>
    </ClCompile>
    <ClCompile Include="MIDISurface.cpp">
      <Filter>Source Files</Filter>
    </ClCompile>
    <ClCompile Include="NewSurfaceDialog.cpp">
      <Filter>Source Files</Filter>
    </ClCompile>
    <ClCompile Include="ProtocolChooserDialog.cpp">
      <Filter>Source Files</Filter>
    </ClCompile>
    <ClCompile Include="ProtocolCollection.cpp">
      <Filter>Source Files</Filter>
    </ClCompile>
    <ClCompile Include="ProtocolWizard.cpp">
      <Filter>Source Files</Filter>
    </ClCompile>
    <ClCompile Include="RBInputBox.cpp">
      <Filter>Source Files</Filter>
    </ClCompile>
    <ClCompile Include="RBSpeech.cpp">
      <Filter>Source Files</Filter>
    </ClCompile>
    <ClCompile Include="RBStringFuncs.cpp">
      <Filter>Source Files</Filter>
    </ClCompile>
    <ClCompile Include="RBWizardPage.cpp">
      <Filter>Source Files</Filter>
    </ClCompile>
    <ClCompile Include="ScreenReaderFunctionsDlg.cpp">
      <Filter>Source Files</Filter>
    </ClCompile>
    <ClCompile Include="ScreenReaderParametersDlg.cpp">
      <Filter>Source Files</Filter>
    </ClCompile>
    <ClCompile Include="SpeechDialog.cpp">
      <Filter>Source Files</Filter>
    </ClCompile>
    <ClCompile Include="SRTaskBar.cpp">
      <Filter>Source Files</Filter>
    </ClCompile>
    <ClCompile Include="SurfaceAction.cpp">
      <Filter>Source Files</Filter>
    </ClCompile>
    <ClCompile Include="SurfaceActions.cpp">
      <Filter>Source Files</Filter>
    </ClCompile>
    <ClCompile Include="SurfaceFrame.cpp">
      <Filter>Source Files</Filter>
    </ClCompile>
    <ClCompile Include="SurfaceList.cpp">
      <Filter>Source Files</Filter>
    </ClCompile>
    <ClCompile Include="SurfacePage.cpp">
      <Filter>Source Files</Filter>
    </ClCompile>
    <ClCompile Include="SurfaceParameters.cpp">
      <Filter>Source Files</Filter>
    </ClCompile>
    <ClCompile Include="SurfaceWizard.cpp">
      <Filter>Source Files</Filter>
    </ClCompile>
    <ClCompile Include="SysExPage.cpp">
      <Filter>Source Files</Filter>
    </ClCompile>
    <ClCompile Include="TextDisplaysPage.cpp">
      <Filter>Source Files</Filter>
    </ClCompile>
    <ClCompile Include="TranslationTablesDialog.cpp">
      <Filter>Source Files</Filter>
    </ClCompile>
    <ClCompile Include="UpdateChecker.cpp">
      <Filter>Source Files</Filter>
    </ClCompile>
    <ClCompile Include="wineyes_i.c">
      <Filter>Source Files</Filter>
    </ClCompile>
    <ClCompile Include="RBPathFuncsWin.cpp">
      <Filter>Source Files</Filter>
    </ClCompile>
  </ItemGroup>
  <ItemGroup>
    <ResourceCompile Include="SurfaceReader.rc">
      <Filter>Resource Files</Filter>
    </ResourceCompile>
  </ItemGroup>
  <ItemGroup>
    <Image Include="small.ico">
      <Filter>Resource Files</Filter>
    </Image>
    <Image Include="SurfaceReader.ico">
      <Filter>Resource Files</Filter>
    </Image>
  </ItemGroup>
</Project>